
Microsoft Visual Studio Solution File, Format Version 12.00
# Visual Studio 2013
VisualStudioVersion = 12.0.30723.0
MinimumVisualStudioVersion = 10.0.40219.1
Project("{FAE04EC0-301F-11D3-BF4B-00C04F79EFBC}") = "DDDSample.Infrastructure.Common", "DDDSample.Infrastructure.Common\DDDSample.Infrastructure.Common.csproj", "{60D7A6EF-1869-412A-B123-9994AA97D4F0}"
EndProject
Project("{FAE04EC0-301F-11D3-BF4B-00C04F79EFBC}") = "DDDSample.Domain", "DDDSample.Domain\DDDSample.Domain.csproj", "{EC4C0119-0B1B-4EAD-9350-7D46D5DBB3A3}"
EndProject
Project("{FAE04EC0-301F-11D3-BF4B-00C04F79EFBC}") = "DDDSample.Repository.Memory", "DDDSample.Repository.Memory\DDDSample.Repository.Memory.csproj", "{42E7B834-49D1-4083-B0AE-F389C53CFA64}"
EndProject
Project("{FAE04EC0-301F-11D3-BF4B-00C04F79EFBC}") = "DDDSample.ApplicationServices", "DDDSample.ApplicationServices\DDDSample.ApplicationServices.csproj", "{F8E7849C-12A9-4B17-BEE7-183590AD87AD}"
EndProject
Global
	GlobalSection(SolutionConfigurationPlatforms) = preSolution
		Debug|Any CPU = Debug|Any CPU
		Release|Any CPU = Release|Any CPU
	EndGlobalSection
	GlobalSection(ProjectConfigurationPlatforms) = postSolution
		{60D7A6EF-1869-412A-B123-9994AA97D4F0}.Debug|Any CPU.ActiveCfg = Debug|Any CPU
		{60D7A6EF-1869-412A-B123-9994AA97D4F0}.Debug|Any CPU.Build.0 = Debug|Any CPU
		{60D7A6EF-1869-412A-B123-9994AA97D4F0}.Release|Any CPU.ActiveCfg = Release|Any CPU
		{60D7A6EF-1869-412A-B123-9994AA97D4F0}.Release|Any CPU.Build.0 = Release|Any CPU
		{EC4C0119-0B1B-4EAD-9350-7D46D5DBB3A3}.Debug|Any CPU.ActiveCfg = Debug|Any CPU
		{EC4C0119-0B1B-4EAD-9350-7D46D5DBB3A3}.Debug|Any CPU.Build.0 = Debug|Any CPU
		{EC4C0119-0B1B-4EAD-9350-7D46D5DBB3A3}.Release|Any CPU.ActiveCfg = Release|Any CPU
		{EC4C0119-0B1B-4EAD-9350-7D46D5DBB3A3}.Release|Any CPU.Build.0 = Release|Any CPU
		{42E7B834-49D1-4083-B0AE-F389C53CFA64}.Debug|Any CPU.ActiveCfg = Debug|Any CPU
		{42E7B834-49D1-4083-B0AE-F389C53CFA64}.Debug|Any CPU.Build.0 = Debug|Any CPU
		{42E7B834-49D1-4083-B0AE-F389C53CFA64}.Release|Any CPU.ActiveCfg = Release|Any CPU
		{42E7B834-49D1-4083-B0AE-F389C53CFA64}.Release|Any CPU.Build.0 = Release|Any CPU
		{F8E7849C-12A9-4B17-BEE7-183590AD87AD}.Debug|Any CPU.ActiveCfg = Debug|Any CPU
		{F8E7849C-12A9-4B17-BEE7-183590AD87AD}.Debug|Any CPU.Build.0 = Debug|Any CPU
		{F8E7849C-12A9-4B17-BEE7-183590AD87AD}.Release|Any CPU.ActiveCfg = Release|Any CPU
		{F8E7849C-12A9-4B17-BEE7-183590AD87AD}.Release|Any CPU.Build.0 = Release|Any CPU
	EndGlobalSection
	GlobalSection(SolutionProperties) = preSolution
		HideSolutionNode = FALSE
	EndGlobalSection
EndGlobal
